
Microsoft Visual Studio Solution File, Format Version 12.00
# Visual Studio Version 17
VisualStudioVersion = 17.7.34221.43
MinimumVisualStudioVersion = 10.0.40219.1
Project("{FAE04EC0-301F-11D3-BF4B-00C04F79EFBC}") = "ConsoleApp1", "ConsoleApp1\ConsoleApp1.csproj", "{022CE7BE-E1EE-4A73-95F9-B7CDA583069B}"
EndProject
Global
	GlobalSection(SolutionConfigurationPlatforms) = preSolution
		Debug|Any CPU = Debug|Any CPU
		Release|Any CPU = Release|Any CPU
	EndGlobalSection
	GlobalSection(ProjectConfigurationPlatforms) = postSolution
		{022CE7BE-E1EE-4A73-95F9-B7CDA583069B}.Debug|Any CPU.ActiveCfg = Debug|Any CPU
		{022CE7BE-E1EE-4A73-95F9-B7CDA583069B}.Debug|Any CPU.Build.0 = Debug|Any CPU
		{022CE7BE-E1EE-4A73-95F9-B7CDA583069B}.Release|Any CPU.ActiveCfg = Release|Any CPU
		{022CE7BE-E1EE-4A73-95F9-B7CDA583069B}.Release|Any CPU.Build.0 = Release|Any CPU
	EndGlobalSection
	GlobalSection(SolutionProperties) = preSolution
		HideSolutionNode = FALSE
	EndGlobalSection
	GlobalSection(ExtensibilityGlobals) = postSolution
		SolutionGuid = {18088A4B-6CC5-42FD-A639-2CF9EEBFD964}
	EndGlobalSection
EndGlobal
