
Microsoft Visual Studio Solution File, Format Version 12.00
# Visual Studio Version 17
VisualStudioVersion = 17.7.34221.43
MinimumVisualStudioVersion = 10.0.40219.1
Project("{FAE04EC0-301F-11D3-BF4B-00C04F79EFBC}") = "WpfApp3", "WpfApp3\WpfApp3.csproj", "{79B9F948-A66E-4E80-8921-B42A1C5D4C78}"
EndProject
Global
	GlobalSection(SolutionConfigurationPlatforms) = preSolution
		Debug|Any CPU = Debug|Any CPU
		Release|Any CPU = Release|Any CPU
	EndGlobalSection
	GlobalSection(ProjectConfigurationPlatforms) = postSolution
		{79B9F948-A66E-4E80-8921-B42A1C5D4C78}.Debug|Any CPU.ActiveCfg = Debug|Any CPU
		{79B9F948-A66E-4E80-8921-B42A1C5D4C78}.Debug|Any CPU.Build.0 = Debug|Any CPU
		{79B9F948-A66E-4E80-8921-B42A1C5D4C78}.Release|Any CPU.ActiveCfg = Release|Any CPU
		{79B9F948-A66E-4E80-8921-B42A1C5D4C78}.Release|Any CPU.Build.0 = Release|Any CPU
	EndGlobalSection
	GlobalSection(SolutionProperties) = preSolution
		HideSolutionNode = FALSE
	EndGlobalSection
	GlobalSection(ExtensibilityGlobals) = postSolution
		SolutionGuid = {B58D7FDD-EAEB-466C-A905-A7FB71FD3E58}
	EndGlobalSection
EndGlobal
