
Microsoft Visual Studio Solution File, Format Version 12.00
# Visual Studio Version 17
VisualStudioVersion = 17.7.34221.43
MinimumVisualStudioVersion = 10.0.40219.1
Project("{FAE04EC0-301F-11D3-BF4B-00C04F79EFBC}") = "5", "5\5.csproj", "{29515F4F-84BE-4506-939E-6AD8879143EB}"
EndProject
Global
	GlobalSection(SolutionConfigurationPlatforms) = preSolution
		Debug|Any CPU = Debug|Any CPU
		Release|Any CPU = Release|Any CPU
	EndGlobalSection
	GlobalSection(ProjectConfigurationPlatforms) = postSolution
		{29515F4F-84BE-4506-939E-6AD8879143EB}.Debug|Any CPU.ActiveCfg = Debug|Any CPU
		{29515F4F-84BE-4506-939E-6AD8879143EB}.Debug|Any CPU.Build.0 = Debug|Any CPU
		{29515F4F-84BE-4506-939E-6AD8879143EB}.Release|Any CPU.ActiveCfg = Release|Any CPU
		{29515F4F-84BE-4506-939E-6AD8879143EB}.Release|Any CPU.Build.0 = Release|Any CPU
	EndGlobalSection
	GlobalSection(SolutionProperties) = preSolution
		HideSolutionNode = FALSE
	EndGlobalSection
	GlobalSection(ExtensibilityGlobals) = postSolution
		SolutionGuid = {06906D84-37D5-484D-A2CA-D47F3A9FAAC8}
	EndGlobalSection
EndGlobal
