
Microsoft Visual Studio Solution File, Format Version 12.00
# Visual Studio Version 17
VisualStudioVersion = 17.7.34221.43
MinimumVisualStudioVersion = 10.0.40219.1
Project("{FAE04EC0-301F-11D3-BF4B-00C04F79EFBC}") = "ConsoleApp1", "ConsoleApp1\ConsoleApp1.csproj", "{CE4B8C9A-7D7B-45F7-B37F-DDF23234F888}"
EndProject
Global
	GlobalSection(SolutionConfigurationPlatforms) = preSolution
		Debug|Any CPU = Debug|Any CPU
		Release|Any CPU = Release|Any CPU
	EndGlobalSection
	GlobalSection(ProjectConfigurationPlatforms) = postSolution
		{CE4B8C9A-7D7B-45F7-B37F-DDF23234F888}.Debug|Any CPU.ActiveCfg = Debug|Any CPU
		{CE4B8C9A-7D7B-45F7-B37F-DDF23234F888}.Debug|Any CPU.Build.0 = Debug|Any CPU
		{CE4B8C9A-7D7B-45F7-B37F-DDF23234F888}.Release|Any CPU.ActiveCfg = Release|Any CPU
		{CE4B8C9A-7D7B-45F7-B37F-DDF23234F888}.Release|Any CPU.Build.0 = Release|Any CPU
	EndGlobalSection
	GlobalSection(SolutionProperties) = preSolution
		HideSolutionNode = FALSE
	EndGlobalSection
	GlobalSection(ExtensibilityGlobals) = postSolution
		SolutionGuid = {B425060E-EE0F-45B9-AFFE-1C73B522F493}
	EndGlobalSection
EndGlobal
