
Microsoft Visual Studio Solution File, Format Version 12.00
# Visual Studio Version 17
VisualStudioVersion = 17.7.34221.43
MinimumVisualStudioVersion = 10.0.40219.1
Project("{FAE04EC0-301F-11D3-BF4B-00C04F79EFBC}") = "ClassLibrary1", "ClassLibrary1\ClassLibrary1.csproj", "{9644C6A1-58E2-4839-BCC0-D302044706CA}"
EndProject
Global
	GlobalSection(SolutionConfigurationPlatforms) = preSolution
		Debug|Any CPU = Debug|Any CPU
		Release|Any CPU = Release|Any CPU
	EndGlobalSection
	GlobalSection(ProjectConfigurationPlatforms) = postSolution
		{9644C6A1-58E2-4839-BCC0-D302044706CA}.Debug|Any CPU.ActiveCfg = Debug|Any CPU
		{9644C6A1-58E2-4839-BCC0-D302044706CA}.Debug|Any CPU.Build.0 = Debug|Any CPU
		{9644C6A1-58E2-4839-BCC0-D302044706CA}.Release|Any CPU.ActiveCfg = Release|Any CPU
		{9644C6A1-58E2-4839-BCC0-D302044706CA}.Release|Any CPU.Build.0 = Release|Any CPU
	EndGlobalSection
	GlobalSection(SolutionProperties) = preSolution
		HideSolutionNode = FALSE
	EndGlobalSection
	GlobalSection(ExtensibilityGlobals) = postSolution
		SolutionGuid = {E1985D56-7DB9-4C97-A24B-A9785C4EE664}
	EndGlobalSection
EndGlobal
