
Microsoft Visual Studio Solution File, Format Version 12.00
# Visual Studio Version 17
VisualStudioVersion = 17.7.34221.43
MinimumVisualStudioVersion = 10.0.40219.1
Project("{FAE04EC0-301F-11D3-BF4B-00C04F79EFBC}") = "WpfApp1", "WpfApp1\WpfApp1.csproj", "{E0E3FADD-C3AE-462E-B1FC-5EED0B3FD85D}"
EndProject
Global
	GlobalSection(SolutionConfigurationPlatforms) = preSolution
		Debug|Any CPU = Debug|Any CPU
		Release|Any CPU = Release|Any CPU
	EndGlobalSection
	GlobalSection(ProjectConfigurationPlatforms) = postSolution
		{E0E3FADD-C3AE-462E-B1FC-5EED0B3FD85D}.Debug|Any CPU.ActiveCfg = Debug|Any CPU
		{E0E3FADD-C3AE-462E-B1FC-5EED0B3FD85D}.Debug|Any CPU.Build.0 = Debug|Any CPU
		{E0E3FADD-C3AE-462E-B1FC-5EED0B3FD85D}.Release|Any CPU.ActiveCfg = Release|Any CPU
		{E0E3FADD-C3AE-462E-B1FC-5EED0B3FD85D}.Release|Any CPU.Build.0 = Release|Any CPU
	EndGlobalSection
	GlobalSection(SolutionProperties) = preSolution
		HideSolutionNode = FALSE
	EndGlobalSection
	GlobalSection(ExtensibilityGlobals) = postSolution
		SolutionGuid = {49261A43-38EB-43F0-88F5-0E71482242D7}
	EndGlobalSection
EndGlobal
