
Microsoft Visual Studio Solution File, Format Version 12.00
# Visual Studio Version 16
VisualStudioVersion = 25.0.1706.11
MinimumVisualStudioVersion = 10.0.40219.1
Project("{FAE04EC0-301F-11D3-BF4B-00C04F79EFBC}") = "API_Project1", "API_Project1\API_Project1.csproj", "{D00338DA-3EB6-497B-BB84-8E40766470AA}"
EndProject
Project("{E53339B2-1760-4266-BCC7-CA923CBCF16C}") = "docker-compose", "docker-compose.dcproj", "{32665847-A961-46D8-8BE0-EF40F27DE8FE}"
EndProject
Global
	GlobalSection(SolutionConfigurationPlatforms) = preSolution
		Debug|Any CPU = Debug|Any CPU
		Release|Any CPU = Release|Any CPU
	EndGlobalSection
	GlobalSection(ProjectConfigurationPlatforms) = postSolution
		{D00338DA-3EB6-497B-BB84-8E40766470AA}.Debug|Any CPU.ActiveCfg = Debug|Any CPU
		{D00338DA-3EB6-497B-BB84-8E40766470AA}.Debug|Any CPU.Build.0 = Debug|Any CPU
		{D00338DA-3EB6-497B-BB84-8E40766470AA}.Release|Any CPU.ActiveCfg = Release|Any CPU
		{D00338DA-3EB6-497B-BB84-8E40766470AA}.Release|Any CPU.Build.0 = Release|Any CPU
		{32665847-A961-46D8-8BE0-EF40F27DE8FE}.Debug|Any CPU.ActiveCfg = Debug|Any CPU
		{32665847-A961-46D8-8BE0-EF40F27DE8FE}.Debug|Any CPU.Build.0 = Debug|Any CPU
		{32665847-A961-46D8-8BE0-EF40F27DE8FE}.Release|Any CPU.ActiveCfg = Release|Any CPU
		{32665847-A961-46D8-8BE0-EF40F27DE8FE}.Release|Any CPU.Build.0 = Release|Any CPU
	EndGlobalSection
	GlobalSection(SolutionProperties) = preSolution
		HideSolutionNode = FALSE
	EndGlobalSection
	GlobalSection(ExtensibilityGlobals) = postSolution
		SolutionGuid = {6FADA8FF-655A-41B5-9996-C4AF495EC834}
	EndGlobalSection
EndGlobal
